<?xml version="1.0" encoding="utf-8"?>
<Project ToolsVersion="4.0" xmlns="http://schemas.microsoft.com/developer/msbuild/2003">
  <ItemGroup>
    <Filter Include="Source Files">
      <UniqueIdentifier>{4FC737F1-C7A5-4376-A066-2A32D752A2FF}</UniqueIdentifier>
      <Extensions>cpp;c;cc;cxx;c++;cppm;ixx;def;odl;idl;hpj;bat;asm;asmx</Extensions>
    </Filter>
    <Filter Include="Header Files">
      <UniqueIdentifier>{93995380-89BD-4b04-88EB-625FBE52EBFB}</UniqueIdentifier>
      <Extensions>h;hh;hpp;hxx;h++;hm;inl;inc;ipp;xsd</Extensions>
    </Filter>
    <Filter Include="Resource Files">
      <UniqueIdentifier>{67DA6AB6-F800-4c08-8B7A-83BB121AAD01}</UniqueIdentifier>
      <Extensions>rc;ico;cur;bmp;dlg;rc2;rct;bin;rgs;gif;jpg;jpeg;jpe;resx;tiff;tif;png;wav;mfcribbon-ms</Extensions>
    </Filter>
    <Filter Include="Header Files\Trouver un nom">
      <UniqueIdentifier>{88f88be9-60a5-4049-a4ed-e191ef14c6a0}</UniqueIdentifier>
    </Filter>
    <Filter Include="Source Files\Entity">
      <UniqueIdentifier>{4de1b60e-bc2a-4f6e-bdbb-1340e742043f}</UniqueIdentifier>
    </Filter>
    <Filter Include="Source Files\Entity\Human">
      <UniqueIdentifier>{87149fd3-5ad2-48d7-92bb-6adfa9d259b8}</UniqueIdentifier>
    </Filter>
    <Filter Include="Source Files\Entity\Human\Woman">
      <UniqueIdentifier>{90753d19-b2e8-433a-9c12-9fa11cd6078f}</UniqueIdentifier>
    </Filter>
    <Filter Include="Source Files\Entity\Human\Man">
      <UniqueIdentifier>{3357a7e1-33f4-417f-86d0-4810563d4a09}</UniqueIdentifier>
    </Filter>
    <Filter Include="Source Files\Map">
      <UniqueIdentifier>{9217465f-6dcc-4c80-8ad0-261841b7355d}</UniqueIdentifier>
    </Filter>
    <Filter Include="Source Files\Map\Grid">
      <UniqueIdentifier>{523fbfa5-7d2e-46c9-b274-15eb3e31e40f}</UniqueIdentifier>
    </Filter>
    <Filter Include="Source Files\Map\Tile">
      <UniqueIdentifier>{e1400118-c89e-40db-87e8-2a32ca0a6b15}</UniqueIdentifier>
    </Filter>
    <Filter Include="Source Files\Map\Hall">
      <UniqueIdentifier>{3c67b818-9135-4572-aeec-b1a5a8cf70be}</UniqueIdentifier>
    </Filter>
    <Filter Include="Source Files\Items">
      <UniqueIdentifier>{2068f965-17c5-4396-b1e0-70518bb35915}</UniqueIdentifier>
    </Filter>
    <Filter Include="Source Files\Items\Armor">
      <UniqueIdentifier>{0f1412e1-5fad-4c48-b9b3-dc87d2409e04}</UniqueIdentifier>
    </Filter>
    <Filter Include="Source Files\Items\Weapon">
      <UniqueIdentifier>{517bebf3-518b-49fc-ad59-64d59560f207}</UniqueIdentifier>
    </Filter>
    <Filter Include="Header Files\Manager">
      <UniqueIdentifier>{69873c32-b48b-4d60-98bd-50fd70ff48a3}</UniqueIdentifier>
    </Filter>
    <Filter Include="Header Files\Manager\Map">
      <UniqueIdentifier>{66d1016f-f6a8-4841-be2e-358377e1f9c3}</UniqueIdentifier>
    </Filter>
    <Filter Include="Source Files\Game">
      <UniqueIdentifier>{798bc849-c05d-449e-b6a7-f00a33746ce7}</UniqueIdentifier>
    </Filter>
    <Filter Include="Source Files\Bunker">
      <UniqueIdentifier>{e68d36d1-6fe9-495b-8aa1-1bcae8e6fc4c}</UniqueIdentifier>
    </Filter>
    <Filter Include="Source Files\Ressource">
      <UniqueIdentifier>{a0f2222c-a6ae-4fff-8c4e-be5891681e68}</UniqueIdentifier>
    </Filter>
    <Filter Include="Source Files\Ressource\Electricity">
      <UniqueIdentifier>{5a8f7c28-b30a-4dc2-aff8-617fad4b6a25}</UniqueIdentifier>
    </Filter>
    <Filter Include="Header Files\Manager\Font">
      <UniqueIdentifier>{87d26f41-369f-4656-9f9f-3c9c4f33521d}</UniqueIdentifier>
    </Filter>
    <Filter Include="Source Files\Ressource\Food">
      <UniqueIdentifier>{928961fb-9b3f-4f48-88aa-14e06bc753b8}</UniqueIdentifier>
    </Filter>
    <Filter Include="Source Files\Menu">
      <UniqueIdentifier>{baeeac71-b695-4850-92f9-9f9229bd6752}</UniqueIdentifier>
    </Filter>
    <Filter Include="Source Files\Menu\TitleMenu">
      <UniqueIdentifier>{6d97e7d9-06b0-47b2-ae29-fb0c1a33b2d9}</UniqueIdentifier>
    </Filter>
    <Filter Include="Source Files\Ressource\Water">
      <UniqueIdentifier>{bda21219-b325-4b73-b38d-310002e0262b}</UniqueIdentifier>
    </Filter>
    <Filter Include="Source Files\Entity\Zombie">
      <UniqueIdentifier>{2b213bcc-b8dd-4d2d-a314-41475019cac3}</UniqueIdentifier>
    </Filter>
    <Filter Include="Source Files\Window">
      <UniqueIdentifier>{2d4ea38b-d3d7-4969-adea-f63c0d6385e7}</UniqueIdentifier>
    </Filter>
    <Filter Include="Source Files\Menu\BuildMenu">
      <UniqueIdentifier>{ef00df21-be94-4b41-a84d-e28428b28a82}</UniqueIdentifier>
    </Filter>
    <Filter Include="Source Files\Menu\VillagerInfoMenu">
      <UniqueIdentifier>{5696dd60-ca24-4b45-80bb-f31048c5c7bd}</UniqueIdentifier>
    </Filter>
  </ItemGroup>
  <ItemGroup>
    <ClCompile Include="main.cpp">
      <Filter>Source Files</Filter>
    </ClCompile>
    <ClCompile Include="Action.cpp">
      <Filter>Header Files\Trouver un nom</Filter>
    </ClCompile>
    <ClCompile Include="ActionMap.cpp">
      <Filter>Header Files\Trouver un nom</Filter>
    </ClCompile>
    <ClCompile Include="Actor.cpp">
      <Filter>Header Files\Trouver un nom</Filter>
    </ClCompile>
    <ClCompile Include="ActorManager.cpp">
      <Filter>Header Files\Trouver un nom</Filter>
    </ClCompile>
    <ClCompile Include="Animation.cpp">
      <Filter>Header Files\Trouver un nom</Filter>
    </ClCompile>
    <ClCompile Include="AnimationComponent.cpp">
      <Filter>Header Files\Trouver un nom</Filter>
    </ClCompile>
    <ClCompile Include="AttackComponent.cpp">
      <Filter>Header Files\Trouver un nom</Filter>
    </ClCompile>
    <ClCompile Include="Button.cpp">
      <Filter>Header Files\Trouver un nom</Filter>
    </ClCompile>
    <ClCompile Include="Canvas.cpp">
      <Filter>Header Files\Trouver un nom</Filter>
    </ClCompile>
    <ClCompile Include="CollisionComponent.cpp">
      <Filter>Header Files\Trouver un nom</Filter>
    </ClCompile>
    <ClCompile Include="Component.cpp">
      <Filter>Header Files\Trouver un nom</Filter>
    </ClCompile>
    <ClCompile Include="Enemy.cpp">
      <Filter>Header Files\Trouver un nom</Filter>
    </ClCompile>
    <ClCompile Include="FSM.cpp">
      <Filter>Header Files\Trouver un nom</Filter>
    </ClCompile>
    <ClCompile Include="HUD.cpp">
      <Filter>Header Files\Trouver un nom</Filter>
    </ClCompile>
    <ClCompile Include="IManagable.cpp">
      <Filter>Header Files\Trouver un nom</Filter>
    </ClCompile>
    <ClCompile Include="IManager.cpp">
      <Filter>Header Files\Trouver un nom</Filter>
    </ClCompile>
    <ClCompile Include="InputManager.cpp">
      <Filter>Header Files\Trouver un nom</Filter>
    </ClCompile>
    <ClCompile Include="Kismet.cpp">
      <Filter>Header Files\Trouver un nom</Filter>
    </ClCompile>
    <ClCompile Include="Macro.cpp">
      <Filter>Header Files\Trouver un nom</Filter>
    </ClCompile>
    <ClCompile Include="MovementComponent.cpp">
      <Filter>Header Files\Trouver un nom</Filter>
    </ClCompile>
    <ClCompile Include="Object.cpp">
      <Filter>Header Files\Trouver un nom</Filter>
    </ClCompile>
    <ClCompile Include="ScrollBar.cpp">
      <Filter>Header Files\Trouver un nom</Filter>
    </ClCompile>
    <ClCompile Include="ShapeObject.cpp">
      <Filter>Header Files\Trouver un nom</Filter>
    </ClCompile>
    <ClCompile Include="ShapeWidget.cpp">
      <Filter>Header Files\Trouver un nom</Filter>
    </ClCompile>
    <ClCompile Include="Singleton.cpp">
      <Filter>Header Files\Trouver un nom</Filter>
    </ClCompile>
    <ClCompile Include="State.cpp">
      <Filter>Header Files\Trouver un nom</Filter>
    </ClCompile>
    <ClCompile Include="TextureData.cpp">
      <Filter>Header Files\Trouver un nom</Filter>
    </ClCompile>
    <ClCompile Include="TimerManager.cpp">
      <Filter>Header Files\Trouver un nom</Filter>
    </ClCompile>
    <ClCompile Include="Timer.cpp">
      <Filter>Header Files\Trouver un nom</Filter>
    </ClCompile>
    <ClCompile Include="TextureManager.cpp">
      <Filter>Header Files\Trouver un nom</Filter>
    </ClCompile>
    <ClCompile Include="Transition.cpp">
      <Filter>Header Files\Trouver un nom</Filter>
    </ClCompile>
    <ClCompile Include="Widget.cpp">
      <Filter>Header Files\Trouver un nom</Filter>
    </ClCompile>
    <ClCompile Include="Game.cpp">
      <Filter>Source Files\Game</Filter>
    </ClCompile>
    <ClCompile Include="Hall.cpp">
      <Filter>Source Files\Map\Hall</Filter>
    </ClCompile>
    <ClCompile Include="Human.cpp">
      <Filter>Source Files\Entity\Human</Filter>
    </ClCompile>
    <ClCompile Include="Grid.cpp">
      <Filter>Source Files\Map\Grid</Filter>
    </ClCompile>
    <ClCompile Include="Armor.cpp">
      <Filter>Source Files\Items\Armor</Filter>
    </ClCompile>
    <ClCompile Include="Items.cpp">
      <Filter>Source Files\Items</Filter>
    </ClCompile>
    <ClCompile Include="Entity.cpp">
      <Filter>Source Files\Entity</Filter>
    </ClCompile>
    <ClCompile Include="Man.cpp">
      <Filter>Source Files\Entity\Human\Man</Filter>
    </ClCompile>
    <ClCompile Include="Map.cpp">
      <Filter>Source Files\Map</Filter>
    </ClCompile>
    <ClCompile Include="MapManager.cpp">
      <Filter>Header Files\Manager\Map</Filter>
    </ClCompile>
    <ClCompile Include="Tile.cpp">
      <Filter>Source Files\Map\Tile</Filter>
    </ClCompile>
    <ClCompile Include="Weapons.cpp">
      <Filter>Source Files\Items\Weapon</Filter>
    </ClCompile>
    <ClCompile Include="Woman.cpp">
      <Filter>Source Files\Entity\Human\Woman</Filter>
    </ClCompile>
    <ClCompile Include="AttackState.cpp">
      <Filter>Header Files</Filter>
    </ClCompile>
    <ClCompile Include="BlackBorad.cpp">
      <Filter>Header Files</Filter>
    </ClCompile>
    <ClCompile Include="Bunker.cpp">
      <Filter>Source Files\Bunker</Filter>
    </ClCompile>
    <ClCompile Include="Electicity.cpp">
      <Filter>Source Files\Ressource\Electricity</Filter>
    </ClCompile>
    <ClCompile Include="FontManager.cpp">
      <Filter>Header Files\Manager\Font</Filter>
    </ClCompile>
    <ClCompile Include="FontData.cpp">
      <Filter>Header Files\Manager\Font</Filter>
    </ClCompile>
    <ClCompile Include="FSMEnemy.cpp">
      <Filter>Header Files</Filter>
    </ClCompile>
    <ClCompile Include="Label.cpp">
      <Filter>Header Files</Filter>
    </ClCompile>
    <ClCompile Include="MoveToState.cpp">
      <Filter>Header Files</Filter>
    </ClCompile>
    <ClCompile Include="MoveToTransiton.cpp">
      <Filter>Header Files</Filter>
    </ClCompile>
    <ClCompile Include="Ressource.cpp">
      <Filter>Source Files\Ressource</Filter>
    </ClCompile>
    <ClCompile Include="TextObject.cpp">
      <Filter>Header Files\Trouver un nom</Filter>
    </ClCompile>
    <ClCompile Include="TextWidget.cpp">
      <Filter>Header Files\Trouver un nom</Filter>
    </ClCompile>
    <ClCompile Include="TitleMenu.cpp">
      <Filter>Source Files\Menu\TitleMenu</Filter>
    </ClCompile>
    <ClCompile Include="Water.cpp">
      <Filter>Source Files\Ressource\Water</Filter>
    </ClCompile>
    <ClCompile Include="Food.cpp">
      <Filter>Source Files\Ressource\Food</Filter>
    </ClCompile>
    <ClCompile Include="Zombie.cpp">
      <Filter>Source Files\Entity\Zombie</Filter>
    </ClCompile>
    <ClCompile Include="GameWindow.cpp">
      <Filter>Source Files\Window</Filter>
    </ClCompile>
    <ClCompile Include="BuildMenu.cpp">
      <Filter>Source Files\Menu\BuildMenu</Filter>
    </ClCompile>
    <ClCompile Include="AstarAlgo.cpp">
      <Filter>Source Files</Filter>
    </ClCompile>
    <ClCompile Include="EnemyMovementComponent.cpp">
      <Filter>Source Files</Filter>
    </ClCompile>
    <ClCompile Include="GridNav.cpp">
      <Filter>Source Files</Filter>
    </ClCompile>
    <ClCompile Include="GridPointData.cpp">
      <Filter>Source Files</Filter>
    </ClCompile>
    <ClCompile Include="Nodes.cpp">
      <Filter>Source Files</Filter>
    </ClCompile>
    <ClCompile Include="Spawner.cpp">
      <Filter>Source Files</Filter>
    </ClCompile>
    <ClCompile Include="PlayerBunker.cpp">
      <Filter>Source Files</Filter>
    </ClCompile>
    <ClCompile Include="VillagerInfoMenu.cpp">
      <Filter>Source Files\Menu\VillagerInfoMenu</Filter>
    </ClCompile>
  </ItemGroup>
  <ItemGroup>
    <ClInclude Include="Action.h">
      <Filter>Header Files\Trouver un nom</Filter>
    </ClInclude>
    <ClInclude Include="ActionMap.h">
      <Filter>Header Files\Trouver un nom</Filter>
    </ClInclude>
    <ClInclude Include="Actor.h">
      <Filter>Header Files\Trouver un nom</Filter>
    </ClInclude>
    <ClInclude Include="ActorManager.h">
      <Filter>Header Files\Trouver un nom</Filter>
    </ClInclude>
    <ClInclude Include="Animation.h">
      <Filter>Header Files\Trouver un nom</Filter>
    </ClInclude>
    <ClInclude Include="AnimationComponent.h">
      <Filter>Header Files\Trouver un nom</Filter>
    </ClInclude>
    <ClInclude Include="AttackComponent.h">
      <Filter>Header Files\Trouver un nom</Filter>
    </ClInclude>
    <ClInclude Include="Button.h">
      <Filter>Header Files\Trouver un nom</Filter>
    </ClInclude>
    <ClInclude Include="CollisionComponent.h">
      <Filter>Header Files\Trouver un nom</Filter>
    </ClInclude>
    <ClInclude Include="Canvas.h">
      <Filter>Header Files\Trouver un nom</Filter>
    </ClInclude>
    <ClInclude Include="Component.h">
      <Filter>Header Files\Trouver un nom</Filter>
    </ClInclude>
    <ClInclude Include="Enemy.h">
      <Filter>Header Files\Trouver un nom</Filter>
    </ClInclude>
    <ClInclude Include="FSM.h">
      <Filter>Header Files\Trouver un nom</Filter>
    </ClInclude>
    <ClInclude Include="HUD.h">
      <Filter>Header Files\Trouver un nom</Filter>
    </ClInclude>
    <ClInclude Include="IManagable.h">
      <Filter>Header Files\Trouver un nom</Filter>
    </ClInclude>
    <ClInclude Include="IManager.h">
      <Filter>Header Files\Trouver un nom</Filter>
    </ClInclude>
    <ClInclude Include="InputManager.h">
      <Filter>Header Files\Trouver un nom</Filter>
    </ClInclude>
    <ClInclude Include="Kismet.h">
      <Filter>Header Files\Trouver un nom</Filter>
    </ClInclude>
    <ClInclude Include="Macro.h">
      <Filter>Header Files\Trouver un nom</Filter>
    </ClInclude>
    <ClInclude Include="MovementComponent.h">
      <Filter>Header Files\Trouver un nom</Filter>
    </ClInclude>
    <ClInclude Include="Object.h">
      <Filter>Header Files\Trouver un nom</Filter>
    </ClInclude>
    <ClInclude Include="ShapeObject.h">
      <Filter>Header Files\Trouver un nom</Filter>
    </ClInclude>
    <ClInclude Include="ScrollBar.h">
      <Filter>Header Files\Trouver un nom</Filter>
    </ClInclude>
    <ClInclude Include="ShapeWidget.h">
      <Filter>Header Files\Trouver un nom</Filter>
    </ClInclude>
    <ClInclude Include="Singleton.h">
      <Filter>Header Files\Trouver un nom</Filter>
    </ClInclude>
    <ClInclude Include="State.h">
      <Filter>Header Files\Trouver un nom</Filter>
    </ClInclude>
    <ClInclude Include="TextureData.h">
      <Filter>Header Files\Trouver un nom</Filter>
    </ClInclude>
    <ClInclude Include="TextureManager.h">
      <Filter>Header Files\Trouver un nom</Filter>
    </ClInclude>
    <ClInclude Include="Timer.h">
      <Filter>Header Files\Trouver un nom</Filter>
    </ClInclude>
    <ClInclude Include="TimerManager.h">
      <Filter>Header Files\Trouver un nom</Filter>
    </ClInclude>
    <ClInclude Include="Transition.h">
      <Filter>Header Files\Trouver un nom</Filter>
    </ClInclude>
    <ClInclude Include="Widget.h">
      <Filter>Header Files\Trouver un nom</Filter>
    </ClInclude>
    <ClInclude Include="Game.h">
      <Filter>Source Files\Game</Filter>
    </ClInclude>
    <ClInclude Include="Hall.h">
      <Filter>Source Files\Map\Hall</Filter>
    </ClInclude>
    <ClInclude Include="Armor.h">
      <Filter>Source Files\Items\Armor</Filter>
    </ClInclude>
    <ClInclude Include="Entity.h">
      <Filter>Source Files\Entity</Filter>
    </ClInclude>
    <ClInclude Include="Man.h">
      <Filter>Source Files\Entity\Human\Man</Filter>
    </ClInclude>
    <ClInclude Include="MapManager.h">
      <Filter>Header Files\Manager\Map</Filter>
    </ClInclude>
    <ClInclude Include="Map.h">
      <Filter>Source Files\Map</Filter>
    </ClInclude>
    <ClInclude Include="Tile.h">
      <Filter>Source Files\Map\Tile</Filter>
    </ClInclude>
    <ClInclude Include="Items.h">
      <Filter>Source Files\Items</Filter>
    </ClInclude>
    <ClInclude Include="Weapons.h">
      <Filter>Source Files\Items\Weapon</Filter>
    </ClInclude>
    <ClInclude Include="Woman.h">
      <Filter>Source Files\Entity\Human\Woman</Filter>
    </ClInclude>
    <ClInclude Include="Grid.h">
      <Filter>Source Files\Map\Grid</Filter>
    </ClInclude>
    <ClInclude Include="AttackState.h">
      <Filter>Header Files</Filter>
    </ClInclude>
    <ClInclude Include="BlackBorad.h">
      <Filter>Header Files</Filter>
    </ClInclude>
    <ClInclude Include="Bunker.h">
      <Filter>Source Files\Bunker</Filter>
    </ClInclude>
    <ClInclude Include="Electicity.h">
      <Filter>Source Files\Ressource\Electricity</Filter>
    </ClInclude>
    <ClInclude Include="FontManager.h">
      <Filter>Header Files\Manager\Font</Filter>
    </ClInclude>
    <ClInclude Include="FontData.h">
      <Filter>Header Files\Manager\Font</Filter>
    </ClInclude>
    <ClInclude Include="Food.h">
      <Filter>Source Files\Ressource\Food</Filter>
    </ClInclude>
    <ClInclude Include="FSMEnemy.h">
      <Filter>Header Files</Filter>
    </ClInclude>
    <ClInclude Include="Label.h">
      <Filter>Header Files</Filter>
    </ClInclude>
    <ClInclude Include="MoveToState.h">
      <Filter>Header Files</Filter>
    </ClInclude>
    <ClInclude Include="MoveToTransiton.h">
      <Filter>Header Files</Filter>
    </ClInclude>
    <ClInclude Include="Ressource.h">
      <Filter>Source Files\Ressource</Filter>
    </ClInclude>
    <ClInclude Include="TextObject.h">
      <Filter>Header Files\Trouver un nom</Filter>
    </ClInclude>
    <ClInclude Include="TextWidget.h">
      <Filter>Header Files\Trouver un nom</Filter>
    </ClInclude>
    <ClInclude Include="TitleMenu.h">
      <Filter>Source Files\Menu\TitleMenu</Filter>
    </ClInclude>
    <ClInclude Include="Water.h">
      <Filter>Source Files\Ressource\Water</Filter>
    </ClInclude>
    <ClInclude Include="Zombie.h">
      <Filter>Source Files\Entity\Zombie</Filter>
    </ClInclude>
    <ClInclude Include="GameWindow.h">
      <Filter>Source Files\Window</Filter>
    </ClInclude>
    <ClInclude Include="Human.h">
      <Filter>Source Files\Entity\Human</Filter>
    </ClInclude>
    <ClInclude Include="BuildMenu.h">
      <Filter>Source Files\Menu\BuildMenu</Filter>
    </ClInclude>
    <ClInclude Include="AstarAlgo.h">
      <Filter>Header Files</Filter>
    </ClInclude>
    <ClInclude Include="EnemyMovementComponent.h">
      <Filter>Header Files</Filter>
    </ClInclude>
    <ClInclude Include="GridNav.h">
      <Filter>Header Files</Filter>
    </ClInclude>
    <ClInclude Include="GridPointData.h">
      <Filter>Header Files</Filter>
    </ClInclude>
    <ClInclude Include="Nodes.h">
      <Filter>Header Files</Filter>
    </ClInclude>
    <ClInclude Include="Spawner.h">
      <Filter>Header Files</Filter>
    </ClInclude>
    <ClInclude Include="PlayerBunker.h">
      <Filter>Header Files</Filter>
    </ClInclude>
    <ClInclude Include="VillagerInfoMenu.h">
      <Filter>Source Files\Menu\VillagerInfoMenu</Filter>
    </ClInclude>
  </ItemGroup>
</Project>